
Microsoft Visual Studio Solution File, Format Version 12.00
# Visual Studio Version 17
VisualStudioVersion = 17.10.34916.146
MinimumVisualStudioVersion = 10.0.40219.1
Project("{FAE04EC0-301F-11D3-BF4B-00C04F79EFBC}") = "InMemoryCaching", "InMemoryCaching\InMemoryCaching.csproj", "{B4DBB229-D057-44C3-808D-6291C4EA0633}"
EndProject
Global
	GlobalSection(SolutionConfigurationPlatforms) = preSolution
		Debug|Any CPU = Debug|Any CPU
		Release|Any CPU = Release|Any CPU
	EndGlobalSection
	GlobalSection(ProjectConfigurationPlatforms) = postSolution
		{B4DBB229-D057-44C3-808D-6291C4EA0633}.Debug|Any CPU.ActiveCfg = Debug|Any CPU
		{B4DBB229-D057-44C3-808D-6291C4EA0633}.Debug|Any CPU.Build.0 = Debug|Any CPU
		{B4DBB229-D057-44C3-808D-6291C4EA0633}.Release|Any CPU.ActiveCfg = Release|Any CPU
		{B4DBB229-D057-44C3-808D-6291C4EA0633}.Release|Any CPU.Build.0 = Release|Any CPU
	EndGlobalSection
	GlobalSection(SolutionProperties) = preSolution
		HideSolutionNode = FALSE
	EndGlobalSection
	GlobalSection(ExtensibilityGlobals) = postSolution
		SolutionGuid = {6028AEA9-2E7B-400D-A6DE-6C6A58C15EFF}
	EndGlobalSection
EndGlobal
