
Microsoft Visual Studio Solution File, Format Version 12.00
# Visual Studio Version 17
VisualStudioVersion = 17.10.34916.146
MinimumVisualStudioVersion = 10.0.40219.1
Project("{9A19103F-16F7-4668-BE54-9A1E7A4F7556}") = "DataCaching.RestApi", "DataCaching.RestApi\DataCaching.RestApi.csproj", "{B4DBB229-D057-44C3-808D-6291C4EA0633}"
EndProject
Project("{2150E333-8FDC-42A3-9474-1A3956D46DE8}") = "docker", "docker", "{C50F07BF-1DFD-48C7-B98A-433E75BF7964}"
	ProjectSection(SolutionItems) = preProject
		docker-compose.yml = docker-compose.yml
	EndProjectSection
EndProject
Project("{9A19103F-16F7-4668-BE54-9A1E7A4F7556}") = "Caching.DataContract", "Caching.DataContract\Caching.DataContract.csproj", "{0FD0F29D-4AAB-4A5F-9DDF-1416732D3D19}"
EndProject
Project("{9A19103F-16F7-4668-BE54-9A1E7A4F7556}") = "Caching.Shared", "Caching.Shared\Caching.Shared.csproj", "{E4A1AB27-1850-4912-B1E9-EA306B20DDCA}"
EndProject
Project("{FAE04EC0-301F-11D3-BF4B-00C04F79EFBC}") = "Caching.DataAccess", "Caching.DataAccess\Caching.DataAccess.csproj", "{012D71A2-F83B-4F0B-9A35-BDD98EC84B67}"
EndProject
Global
	GlobalSection(SolutionConfigurationPlatforms) = preSolution
		Debug|Any CPU = Debug|Any CPU
		Release|Any CPU = Release|Any CPU
	EndGlobalSection
	GlobalSection(ProjectConfigurationPlatforms) = postSolution
		{B4DBB229-D057-44C3-808D-6291C4EA0633}.Debug|Any CPU.ActiveCfg = Debug|Any CPU
		{B4DBB229-D057-44C3-808D-6291C4EA0633}.Debug|Any CPU.Build.0 = Debug|Any CPU
		{B4DBB229-D057-44C3-808D-6291C4EA0633}.Release|Any CPU.ActiveCfg = Release|Any CPU
		{B4DBB229-D057-44C3-808D-6291C4EA0633}.Release|Any CPU.Build.0 = Release|Any CPU
		{0FD0F29D-4AAB-4A5F-9DDF-1416732D3D19}.Debug|Any CPU.ActiveCfg = Debug|Any CPU
		{0FD0F29D-4AAB-4A5F-9DDF-1416732D3D19}.Debug|Any CPU.Build.0 = Debug|Any CPU
		{0FD0F29D-4AAB-4A5F-9DDF-1416732D3D19}.Release|Any CPU.ActiveCfg = Release|Any CPU
		{0FD0F29D-4AAB-4A5F-9DDF-1416732D3D19}.Release|Any CPU.Build.0 = Release|Any CPU
		{E4A1AB27-1850-4912-B1E9-EA306B20DDCA}.Debug|Any CPU.ActiveCfg = Debug|Any CPU
		{E4A1AB27-1850-4912-B1E9-EA306B20DDCA}.Debug|Any CPU.Build.0 = Debug|Any CPU
		{E4A1AB27-1850-4912-B1E9-EA306B20DDCA}.Release|Any CPU.ActiveCfg = Release|Any CPU
		{E4A1AB27-1850-4912-B1E9-EA306B20DDCA}.Release|Any CPU.Build.0 = Release|Any CPU
		{012D71A2-F83B-4F0B-9A35-BDD98EC84B67}.Debug|Any CPU.ActiveCfg = Debug|Any CPU
		{012D71A2-F83B-4F0B-9A35-BDD98EC84B67}.Debug|Any CPU.Build.0 = Debug|Any CPU
		{012D71A2-F83B-4F0B-9A35-BDD98EC84B67}.Release|Any CPU.ActiveCfg = Release|Any CPU
		{012D71A2-F83B-4F0B-9A35-BDD98EC84B67}.Release|Any CPU.Build.0 = Release|Any CPU
	EndGlobalSection
	GlobalSection(SolutionProperties) = preSolution
		HideSolutionNode = FALSE
	EndGlobalSection
	GlobalSection(ExtensibilityGlobals) = postSolution
		SolutionGuid = {6028AEA9-2E7B-400D-A6DE-6C6A58C15EFF}
	EndGlobalSection
EndGlobal
